
Microsoft Visual Studio Solution File, Format Version 12.00
# Visual Studio 15
VisualStudioVersion = 15.0.27130.2027
MinimumVisualStudioVersion = 10.0.40219.1
Project("{FAE04EC0-301F-11D3-BF4B-00C04F79EFBC}") = "client", "client\client.csproj", "{CC23C467-DF53-4FF4-852F-071691FEAB9D}"
EndProject
Project("{FAE04EC0-301F-11D3-BF4B-00C04F79EFBC}") = "server", "server\server.csproj", "{F750C692-6E7B-4767-96B8-4F7E565E5F97}"
EndProject
Global
	GlobalSection(SolutionConfigurationPlatforms) = preSolution
		Debug|Any CPU = Debug|Any CPU
		Release|Any CPU = Release|Any CPU
	EndGlobalSection
	GlobalSection(ProjectConfigurationPlatforms) = postSolution
		{CC23C467-DF53-4FF4-852F-071691FEAB9D}.Debug|Any CPU.ActiveCfg = Debug|Any CPU
		{CC23C467-DF53-4FF4-852F-071691FEAB9D}.Debug|Any CPU.Build.0 = Debug|Any CPU
		{CC23C467-DF53-4FF4-852F-071691FEAB9D}.Release|Any CPU.ActiveCfg = Release|Any CPU
		{CC23C467-DF53-4FF4-852F-071691FEAB9D}.Release|Any CPU.Build.0 = Release|Any CPU
		{F750C692-6E7B-4767-96B8-4F7E565E5F97}.Debug|Any CPU.ActiveCfg = Debug|Any CPU
		{F750C692-6E7B-4767-96B8-4F7E565E5F97}.Debug|Any CPU.Build.0 = Debug|Any CPU
		{F750C692-6E7B-4767-96B8-4F7E565E5F97}.Release|Any CPU.ActiveCfg = Release|Any CPU
		{F750C692-6E7B-4767-96B8-4F7E565E5F97}.Release|Any CPU.Build.0 = Release|Any CPU
	EndGlobalSection
	GlobalSection(SolutionProperties) = preSolution
		HideSolutionNode = FALSE
	EndGlobalSection
	GlobalSection(ExtensibilityGlobals) = postSolution
		SolutionGuid = {9CBBA0DF-A892-48EC-A750-E6F8A5933933}
	EndGlobalSection
EndGlobal
